{
  "requires": true,
  "lockfileVersion": 1,
  "dependencies": {
    "intl-tel-input": {
      "version": "17.0.3",
      "resolved": "https://registry.npmjs.org/intl-tel-input/-/intl-tel-input-17.0.3.tgz",
      "integrity": "sha512-vfO5yIddrkNKaJYqGySuT6lyovWZoBLU/vyGA2A4VdKIZasknpd9/emTJYIPqFzjkguFfEDUiERKFih3k9Yj3Q=="
    },
    "mtr-datepicker": {
      "version": "0.3.11",
      "resolved": "https://registry.npmjs.org/mtr-datepicker/-/mtr-datepicker-0.3.11.tgz",
      "integrity": "sha512-xtbGuYFq5k8LWDMgisZ33tEtsPXMhx/QZ16WTH0g4zu9ZzuAViTDxamkx154p21mMcqyXTDM7Xc1/Mt0o6bXJA=="
    }
  }
}
